{
  "name": "markdoc-test",
  "version": "0.1.0",
  "lockfileVersion": 2,
  "requires": true,
  "packages": {
    "": {
      "name": "markdoc-test",
      "version": "0.1.0",
      "dependencies": {
        "@next/font": "13.1.1",
        "next": "13.1.1",
        "react": "18.2.0",
        "react-dom": "18.2.0"
      }
    },
    "node_modules/@next/env": {
      "version": "13.1.1",
      "resolved": "https://repo.dev.wixpress.com/artifactory/api/npm/npm-repos/@next/env/-/env-13.1.1.tgz",
      "integrity": "sha1-b/JkiNx2dO8r/dHKKP5D7tERO+o=",
      "license": "MIT"
    },
    "node_modules/@next/font": {
      "version": "13.1.1",
      "resolved": "https://repo.dev.wixpress.com/artifactory/api/npm/npm-repos/@next/font/-/font-13.1.1.tgz",
      "integrity": "sha1-oMs4v4oYFWDxldgvE/n5L9Cw3SA=",
      "license": "MIT"
    },
    "node_modules/@next/swc-android-arm-eabi": {
      "version": "13.1.1",
      "resolved": "https://repo.dev.wixpress.com/artifactory/api/npm/npm-repos/@next/swc-android-arm-eabi/-/swc-android-arm-eabi-13.1.1.tgz",
      "integrity": "sha1-tcPNH3nVx+ajs1YnhdTlrDVVueE=",
      "cpu": [
        "arm"
      ],
      "license": "MIT",
      "optional": true,
      "os": [
        "android"
      ],
      "engines": {
        "node": ">= 10"
      }
    },
    "node_modules/@next/swc-android-arm64": {
      "version": "13.1.1",
      "resolved": "https://repo.dev.wixpress.com/artifactory/api/npm/npm-repos/@next/swc-android-arm64/-/swc-android-arm64-13.1.1.tgz",
      "integrity": "sha1-4sqcy7qe93DLGfvpbRrAD+TLMw0=",
      "cpu": [
        "arm64"
      ],
      "license": "MIT",
      "optional": true,
      "os": [
        "android"
      ],
      "engines": {
        "node": ">= 10"
      }
    },
    "node_modules/@next/swc-darwin-arm64": {
      "version": "13.1.1",
      "resolved": "https://repo.dev.wixpress.com/artifactory/api/npm/npm-repos/@next/swc-darwin-arm64/-/swc-darwin-arm64-13.1.1.tgz",
      "integrity": "sha1-SvAIdzMiMbvVo3A0Nf3QsBHnR2c=",
      "cpu": [
        "arm64"
      ],
      "license": "MIT",
      "optional": true,
      "os": [
        "darwin"
      ],
      "engines": {
        "node": ">= 10"
      }
    },
    "node_modules/@next/swc-darwin-x64": {
      "version": "13.1.1",
      "resolved": "https://repo.dev.wixpress.com/artifactory/api/npm/npm-repos/@next/swc-darwin-x64/-/swc-darwin-x64-13.1.1.tgz",
      "integrity": "sha1-v0ywnn5uxtkeAxEY3eLdFweLy7w=",
      "cpu": [
        "x64"
      ],
      "license": "MIT",
      "optional": true,
      "os": [
        "darwin"
      ],
      "engines": {
        "node": ">= 10"
      }
    },
    "node_modules/@next/swc-freebsd-x64": {
      "version": "13.1.1",
      "resolved": "https://repo.dev.wixpress.com/artifactory/api/npm/npm-repos/@next/swc-freebsd-x64/-/swc-freebsd-x64-13.1.1.tgz",
      "integrity": "sha1-aTPqEmQyjoUj4ogY+RLNU4JDgtQ=",
      "cpu": [
        "x64"
      ],
      "license": "MIT",
      "optional": true,
      "os": [
        "freebsd"
      ],
      "engines": {
        "node": ">= 10"
      }
    },
    "node_modules/@next/swc-linux-arm-gnueabihf": {
      "version": "13.1.1",
      "resolved": "https://repo.dev.wixpress.com/artifactory/api/npm/npm-repos/@next/swc-linux-arm-gnueabihf/-/swc-linux-arm-gnueabihf-13.1.1.tgz",
      "integrity": "sha1-tYlpZ6q6OHPYCcOtLiA56JrN5Bk=",
      "cpu": [
        "arm"
      ],
      "license": "MIT",
      "optional": true,
      "os": [
        "linux"
      ],
      "engines": {
        "node": ">= 10"
      }
    },
    "node_modules/@next/swc-linux-arm64-gnu": {
      "version": "13.1.1",
      "resolved": "https://repo.dev.wixpress.com/artifactory/api/npm/npm-repos/@next/swc-linux-arm64-gnu/-/swc-linux-arm64-gnu-13.1.1.tgz",
      "integrity": "sha1-kbPp6oV1sd7UIcDqBzm3vM8ihGk=",
      "cpu": [
        "arm64"
      ],
      "license": "MIT",
      "optional": true,
      "os": [
        "linux"
      ],
      "engines": {
        "node": ">= 10"
      }
    },
    "node_modules/@next/swc-linux-arm64-musl": {
      "version": "13.1.1",
      "resolved": "https://repo.dev.wixpress.com/artifactory/api/npm/npm-repos/@next/swc-linux-arm64-musl/-/swc-linux-arm64-musl-13.1.1.tgz",
      "integrity": "sha1-gxSeoF19VfNmTWCNvgBMDRJfkUc=",
      "cpu": [
        "arm64"
      ],
      "license": "MIT",
      "optional": true,
      "os": [
        "linux"
      ],
      "engines": {
        "node": ">= 10"
      }
    },
    "node_modules/@next/swc-linux-x64-gnu": {
      "version": "13.1.1",
      "resolved": "https://repo.dev.wixpress.com/artifactory/api/npm/npm-repos/@next/swc-linux-x64-gnu/-/swc-linux-x64-gnu-13.1.1.tgz",
      "integrity": "sha1-19B3e1beDdgreAVXcuE+GFlKFco=",
      "cpu": [
        "x64"
      ],
      "license": "MIT",
      "optional": true,
      "os": [
        "linux"
      ],
      "engines": {
        "node": ">= 10"
      }
    },
    "node_modules/@next/swc-linux-x64-musl": {
      "version": "13.1.1",
      "resolved": "https://repo.dev.wixpress.com/artifactory/api/npm/npm-repos/@next/swc-linux-x64-musl/-/swc-linux-x64-musl-13.1.1.tgz",
      "integrity": "sha1-QWVXIrEnEzzZWrW8jKFHPpq2h28=",
      "cpu": [
        "x64"
      ],
      "license": "MIT",
      "optional": true,
      "os": [
        "linux"
      ],
      "engines": {
        "node": ">= 10"
      }
    },
    "node_modules/@next/swc-win32-arm64-msvc": {
      "version": "13.1.1",
      "resolved": "https://repo.dev.wixpress.com/artifactory/api/npm/npm-repos/@next/swc-win32-arm64-msvc/-/swc-win32-arm64-msvc-13.1.1.tgz",
      "integrity": "sha1-8Q2j38mzwrvSAvXUSam4B68GIpI=",
      "cpu": [
        "arm64"
      ],
      "license": "MIT",
      "optional": true,
      "os": [
        "win32"
      ],
      "engines": {
        "node": ">= 10"
      }
    },
    "node_modules/@next/swc-win32-ia32-msvc": {
      "version": "13.1.1",
      "resolved": "https://repo.dev.wixpress.com/artifactory/api/npm/npm-repos/@next/swc-win32-ia32-msvc/-/swc-win32-ia32-msvc-13.1.1.tgz",
      "integrity": "sha1-TAECubGOzhXIGAVtB+ORfuna3ng=",
      "cpu": [
        "ia32"
      ],
      "license": "MIT",
      "optional": true,
      "os": [
        "win32"
      ],
      "engines": {
        "node": ">= 10"
      }
    },
    "node_modules/@next/swc-win32-x64-msvc": {
      "version": "13.1.1",
      "resolved": "https://repo.dev.wixpress.com/artifactory/api/npm/npm-repos/@next/swc-win32-x64-msvc/-/swc-win32-x64-msvc-13.1.1.tgz",
      "integrity": "sha1-wgmjfaE74ntyL5xAxAq0sJSGYkQ=",
      "cpu": [
        "x64"
      ],
      "license": "MIT",
      "optional": true,
      "os": [
        "win32"
      ],
      "engines": {
        "node": ">= 10"
      }
    },
    "node_modules/@swc/helpers": {
      "version": "0.4.14",
      "resolved": "https://repo.dev.wixpress.com/artifactory/api/npm/npm-repos/@swc/helpers/-/helpers-0.4.14.tgz",
      "integrity": "sha1-E1KsbZXjYXzLfBSY/wGWVPHhKnQ=",
      "license": "MIT",
      "dependencies": {
        "tslib": "^2.4.0"
      }
    },
    "node_modules/caniuse-lite": {
      "version": "1.0.30001441",
      "resolved": "https://repo.dev.wixpress.com/artifactory/api/npm/npm-repos/caniuse-lite/-/caniuse-lite-1.0.30001441.tgz",
      "integrity": "sha1-mHQ3smYmC2QKI80Y+921Cdf2nz4=",
      "funding": [
        {
          "type": "opencollective",
          "url": "https://opencollective.com/browserslist"
        },
        {
          "type": "tidelift",
          "url": "https://tidelift.com/funding/github/npm/caniuse-lite"
        }
      ],
      "license": "CC-BY-4.0"
    },
    "node_modules/client-only": {
      "version": "0.0.1",
      "resolved": "https://repo.dev.wixpress.com/artifactory/api/npm/npm-repos/client-only/-/client-only-0.0.1.tgz",
      "integrity": "sha1-OLul1APEGrFQv/ZKlchQE89zvKE=",
      "license": "MIT"
    },
    "node_modules/js-tokens": {
      "version": "4.0.0",
      "resolved": "https://repo.dev.wixpress.com/artifactory/api/npm/npm-repos/js-tokens/-/js-tokens-4.0.0.tgz",
      "integrity": "sha1-GSA/tZmR35jjoocFDUZHzerzJJk=",
      "license": "MIT"
    },
    "node_modules/loose-envify": {
      "version": "1.4.0",
      "resolved": "https://repo.dev.wixpress.com/artifactory/api/npm/npm-repos/loose-envify/-/loose-envify-1.4.0.tgz",
      "integrity": "sha1-ce5R+nvkyuwaY4OffmgtgTLTDK8=",
      "license": "MIT",
      "dependencies": {
        "js-tokens": "^3.0.0 || ^4.0.0"
      },
      "bin": {
        "loose-envify": "cli.js"
      }
    },
    "node_modules/nanoid": {
      "version": "3.3.4",
      "resolved": "https://repo.dev.wixpress.com/artifactory/api/npm/npm-repos/nanoid/-/nanoid-3.3.4.tgz",
      "integrity": "sha1-cwtn480J4t6s8DwCfIHJ2dvF6Ks=",
      "license": "MIT",
      "bin": {
        "nanoid": "bin/nanoid.cjs"
      },
      "engines": {
        "node": "^10 || ^12 || ^13.7 || ^14 || >=15.0.1"
      }
    },
    "node_modules/next": {
      "version": "13.1.1",
      "resolved": "https://repo.dev.wixpress.com/artifactory/api/npm/npm-repos/next/-/next-13.1.1.tgz",
      "integrity": "sha1-Qrgl9lBBBkmv8QF9IDoIjXfIC1s=",
      "license": "MIT",
      "dependencies": {
        "@next/env": "13.1.1",
        "@swc/helpers": "0.4.14",
        "caniuse-lite": "^1.0.30001406",
        "postcss": "8.4.14",
        "styled-jsx": "5.1.1"
      },
      "bin": {
        "next": "dist/bin/next"
      },
      "engines": {
        "node": ">=14.6.0"
      },
      "optionalDependencies": {
        "@next/swc-android-arm-eabi": "13.1.1",
        "@next/swc-android-arm64": "13.1.1",
        "@next/swc-darwin-arm64": "13.1.1",
        "@next/swc-darwin-x64": "13.1.1",
        "@next/swc-freebsd-x64": "13.1.1",
        "@next/swc-linux-arm-gnueabihf": "13.1.1",
        "@next/swc-linux-arm64-gnu": "13.1.1",
        "@next/swc-linux-arm64-musl": "13.1.1",
        "@next/swc-linux-x64-gnu": "13.1.1",
        "@next/swc-linux-x64-musl": "13.1.1",
        "@next/swc-win32-arm64-msvc": "13.1.1",
        "@next/swc-win32-ia32-msvc": "13.1.1",
        "@next/swc-win32-x64-msvc": "13.1.1"
      },
      "peerDependencies": {
        "fibers": ">= 3.1.0",
        "node-sass": "^6.0.0 || ^7.0.0",
        "react": "^18.2.0",
        "react-dom": "^18.2.0",
        "sass": "^1.3.0"
      },
      "peerDependenciesMeta": {
        "fibers": {
          "optional": true
        },
        "node-sass": {
          "optional": true
        },
        "sass": {
          "optional": true
        }
      }
    },
    "node_modules/picocolors": {
      "version": "1.0.0",
      "resolved": "https://repo.dev.wixpress.com/artifactory/api/npm/npm-repos/picocolors/-/picocolors-1.0.0.tgz",
      "integrity": "sha1-y1vcdP8/UYkiNur3nWi8RFZKuBw=",
      "license": "ISC"
    },
    "node_modules/postcss": {
      "version": "8.4.14",
      "resolved": "https://repo.dev.wixpress.com/artifactory/api/npm/npm-repos/postcss/-/postcss-8.4.14.tgz",
      "integrity": "sha1-7pJ01WIrSFjBAHp0125C5W/SHK8=",
      "funding": [
        {
          "type": "opencollective",
          "url": "https://opencollective.com/postcss/"
        },
        {
          "type": "tidelift",
          "url": "https://tidelift.com/funding/github/npm/postcss"
        }
      ],
      "license": "MIT",
      "dependencies": {
        "nanoid": "^3.3.4",
        "picocolors": "^1.0.0",
        "source-map-js": "^1.0.2"
      },
      "engines": {
        "node": "^10 || ^12 || >=14"
      }
    },
    "node_modules/react": {
      "version": "18.2.0",
      "resolved": "https://repo.dev.wixpress.com/artifactory/api/npm/npm-repos/react/-/react-18.2.0.tgz",
      "integrity": "sha1-VVvZhZKIMlX6AN4U8RUakXtdd9U=",
      "license": "MIT",
      "dependencies": {
        "loose-envify": "^1.1.0"
      },
      "engines": {
        "node": ">=0.10.0"
      }
    },
    "node_modules/react-dom": {
      "version": "18.2.0",
      "resolved": "https://repo.dev.wixpress.com/artifactory/api/npm/npm-repos/react-dom/-/react-dom-18.2.0.tgz",
      "integrity": "sha1-IqrzhwjbJnTtmtoiTKSqcI2CHj0=",
      "license": "MIT",
      "dependencies": {
        "loose-envify": "^1.1.0",
        "scheduler": "^0.23.0"
      },
      "peerDependencies": {
        "react": "^18.2.0"
      }
    },
    "node_modules/scheduler": {
      "version": "0.23.0",
      "resolved": "https://repo.dev.wixpress.com/artifactory/api/npm/npm-repos/scheduler/-/scheduler-0.23.0.tgz",
      "integrity": "sha1-uoBBr8PTDrIGpIe2s4QALk5h/f4=",
      "license": "MIT",
      "dependencies": {
        "loose-envify": "^1.1.0"
      }
    },
    "node_modules/source-map-js": {
      "version": "1.0.2",
      "resolved": "https://repo.dev.wixpress.com/artifactory/api/npm/npm-repos/source-map-js/-/source-map-js-1.0.2.tgz",
      "integrity": "sha1-rbw2HZxi3zgBJefxYfccgm8eSQw=",
      "license": "BSD-3-Clause",
      "engines": {
        "node": ">=0.10.0"
      }
    },
    "node_modules/styled-jsx": {
      "version": "5.1.1",
      "resolved": "https://repo.dev.wixpress.com/artifactory/api/npm/npm-repos/styled-jsx/-/styled-jsx-5.1.1.tgz",
      "integrity": "sha1-g5ocOqrMTnNf7QeBuGGepdAAnR8=",
      "license": "MIT",
      "dependencies": {
        "client-only": "0.0.1"
      },
      "engines": {
        "node": ">= 12.0.0"
      },
      "peerDependencies": {
        "react": ">= 16.8.0 || 17.x.x || ^18.0.0-0"
      },
      "peerDependenciesMeta": {
        "@babel/core": {
          "optional": true
        },
        "babel-plugin-macros": {
          "optional": true
        }
      }
    },
    "node_modules/tslib": {
      "version": "2.4.1",
      "resolved": "https://repo.dev.wixpress.com/artifactory/api/npm/npm-repos/tslib/-/tslib-2.4.1.tgz",
      "integrity": "sha1-DQv7qsKIC5HiLfB2jlW+l1OlsX4=",
      "license": "0BSD"
    }
  },
  "dependencies": {
    "@next/env": {
      "version": "13.1.1",
      "resolved": "https://repo.dev.wixpress.com/artifactory/api/npm/npm-repos/@next/env/-/env-13.1.1.tgz",
      "integrity": "sha1-b/JkiNx2dO8r/dHKKP5D7tERO+o="
    },
    "@next/font": {
      "version": "13.1.1",
      "resolved": "https://repo.dev.wixpress.com/artifactory/api/npm/npm-repos/@next/font/-/font-13.1.1.tgz",
      "integrity": "sha1-oMs4v4oYFWDxldgvE/n5L9Cw3SA="
    },
    "@next/swc-android-arm-eabi": {
      "version": "13.1.1",
      "resolved": "https://repo.dev.wixpress.com/artifactory/api/npm/npm-repos/@next/swc-android-arm-eabi/-/swc-android-arm-eabi-13.1.1.tgz",
      "integrity": "sha1-tcPNH3nVx+ajs1YnhdTlrDVVueE=",
      "optional": true
    },
    "@next/swc-android-arm64": {
      "version": "13.1.1",
      "resolved": "https://repo.dev.wixpress.com/artifactory/api/npm/npm-repos/@next/swc-android-arm64/-/swc-android-arm64-13.1.1.tgz",
      "integrity": "sha1-4sqcy7qe93DLGfvpbRrAD+TLMw0=",
      "optional": true
    },
    "@next/swc-darwin-arm64": {
      "version": "13.1.1",
      "resolved": "https://repo.dev.wixpress.com/artifactory/api/npm/npm-repos/@next/swc-darwin-arm64/-/swc-darwin-arm64-13.1.1.tgz",
      "integrity": "sha1-SvAIdzMiMbvVo3A0Nf3QsBHnR2c=",
      "optional": true
    },
    "@next/swc-darwin-x64": {
      "version": "13.1.1",
      "resolved": "https://repo.dev.wixpress.com/artifactory/api/npm/npm-repos/@next/swc-darwin-x64/-/swc-darwin-x64-13.1.1.tgz",
      "integrity": "sha1-v0ywnn5uxtkeAxEY3eLdFweLy7w=",
      "optional": true
    },
    "@next/swc-freebsd-x64": {
      "version": "13.1.1",
      "resolved": "https://repo.dev.wixpress.com/artifactory/api/npm/npm-repos/@next/swc-freebsd-x64/-/swc-freebsd-x64-13.1.1.tgz",
      "integrity": "sha1-aTPqEmQyjoUj4ogY+RLNU4JDgtQ=",
      "optional": true
    },
    "@next/swc-linux-arm-gnueabihf": {
      "version": "13.1.1",
      "resolved": "https://repo.dev.wixpress.com/artifactory/api/npm/npm-repos/@next/swc-linux-arm-gnueabihf/-/swc-linux-arm-gnueabihf-13.1.1.tgz",
      "integrity": "sha1-tYlpZ6q6OHPYCcOtLiA56JrN5Bk=",
      "optional": true
    },
    "@next/swc-linux-arm64-gnu": {
      "version": "13.1.1",
      "resolved": "https://repo.dev.wixpress.com/artifactory/api/npm/npm-repos/@next/swc-linux-arm64-gnu/-/swc-linux-arm64-gnu-13.1.1.tgz",
      "integrity": "sha1-kbPp6oV1sd7UIcDqBzm3vM8ihGk=",
      "optional": true
    },
    "@next/swc-linux-arm64-musl": {
      "version": "13.1.1",
      "resolved": "https://repo.dev.wixpress.com/artifactory/api/npm/npm-repos/@next/swc-linux-arm64-musl/-/swc-linux-arm64-musl-13.1.1.tgz",
      "integrity": "sha1-gxSeoF19VfNmTWCNvgBMDRJfkUc=",
      "optional": true
    },
    "@next/swc-linux-x64-gnu": {
      "version": "13.1.1",
      "resolved": "https://repo.dev.wixpress.com/artifactory/api/npm/npm-repos/@next/swc-linux-x64-gnu/-/swc-linux-x64-gnu-13.1.1.tgz",
      "integrity": "sha1-19B3e1beDdgreAVXcuE+GFlKFco=",
      "optional": true
    },
    "@next/swc-linux-x64-musl": {
      "version": "13.1.1",
      "resolved": "https://repo.dev.wixpress.com/artifactory/api/npm/npm-repos/@next/swc-linux-x64-musl/-/swc-linux-x64-musl-13.1.1.tgz",
      "integrity": "sha1-QWVXIrEnEzzZWrW8jKFHPpq2h28=",
      "optional": true
    },
    "@next/swc-win32-arm64-msvc": {
      "version": "13.1.1",
      "resolved": "https://repo.dev.wixpress.com/artifactory/api/npm/npm-repos/@next/swc-win32-arm64-msvc/-/swc-win32-arm64-msvc-13.1.1.tgz",
      "integrity": "sha1-8Q2j38mzwrvSAvXUSam4B68GIpI=",
      "optional": true
    },
    "@next/swc-win32-ia32-msvc": {
      "version": "13.1.1",
      "resolved": "https://repo.dev.wixpress.com/artifactory/api/npm/npm-repos/@next/swc-win32-ia32-msvc/-/swc-win32-ia32-msvc-13.1.1.tgz",
      "integrity": "sha1-TAECubGOzhXIGAVtB+ORfuna3ng=",
      "optional": true
    },
    "@next/swc-win32-x64-msvc": {
      "version": "13.1.1",
      "resolved": "https://repo.dev.wixpress.com/artifactory/api/npm/npm-repos/@next/swc-win32-x64-msvc/-/swc-win32-x64-msvc-13.1.1.tgz",
      "integrity": "sha1-wgmjfaE74ntyL5xAxAq0sJSGYkQ=",
      "optional": true
    },
    "@swc/helpers": {
      "version": "0.4.14",
      "resolved": "https://repo.dev.wixpress.com/artifactory/api/npm/npm-repos/@swc/helpers/-/helpers-0.4.14.tgz",
      "integrity": "sha1-E1KsbZXjYXzLfBSY/wGWVPHhKnQ=",
      "requires": {
        "tslib": "^2.4.0"
      }
    },
    "caniuse-lite": {
      "version": "1.0.30001441",
      "resolved": "https://repo.dev.wixpress.com/artifactory/api/npm/npm-repos/caniuse-lite/-/caniuse-lite-1.0.30001441.tgz",
      "integrity": "sha1-mHQ3smYmC2QKI80Y+921Cdf2nz4="
    },
    "client-only": {
      "version": "0.0.1",
      "resolved": "https://repo.dev.wixpress.com/artifactory/api/npm/npm-repos/client-only/-/client-only-0.0.1.tgz",
      "integrity": "sha1-OLul1APEGrFQv/ZKlchQE89zvKE="
    },
    "js-tokens": {
      "version": "4.0.0",
      "resolved": "https://repo.dev.wixpress.com/artifactory/api/npm/npm-repos/js-tokens/-/js-tokens-4.0.0.tgz",
      "integrity": "sha1-GSA/tZmR35jjoocFDUZHzerzJJk="
    },
    "loose-envify": {
      "version": "1.4.0",
      "resolved": "https://repo.dev.wixpress.com/artifactory/api/npm/npm-repos/loose-envify/-/loose-envify-1.4.0.tgz",
      "integrity": "sha1-ce5R+nvkyuwaY4OffmgtgTLTDK8=",
      "requires": {
        "js-tokens": "^3.0.0 || ^4.0.0"
      }
    },
    "nanoid": {
      "version": "3.3.4",
      "resolved": "https://repo.dev.wixpress.com/artifactory/api/npm/npm-repos/nanoid/-/nanoid-3.3.4.tgz",
      "integrity": "sha1-cwtn480J4t6s8DwCfIHJ2dvF6Ks="
    },
    "next": {
      "version": "13.1.1",
      "resolved": "https://repo.dev.wixpress.com/artifactory/api/npm/npm-repos/next/-/next-13.1.1.tgz",
      "integrity": "sha1-Qrgl9lBBBkmv8QF9IDoIjXfIC1s=",
      "requires": {
        "@next/env": "13.1.1",
        "@next/swc-android-arm-eabi": "13.1.1",
        "@next/swc-android-arm64": "13.1.1",
        "@next/swc-darwin-arm64": "13.1.1",
        "@next/swc-darwin-x64": "13.1.1",
        "@next/swc-freebsd-x64": "13.1.1",
        "@next/swc-linux-arm-gnueabihf": "13.1.1",
        "@next/swc-linux-arm64-gnu": "13.1.1",
        "@next/swc-linux-arm64-musl": "13.1.1",
        "@next/swc-linux-x64-gnu": "13.1.1",
        "@next/swc-linux-x64-musl": "13.1.1",
        "@next/swc-win32-arm64-msvc": "13.1.1",
        "@next/swc-win32-ia32-msvc": "13.1.1",
        "@next/swc-win32-x64-msvc": "13.1.1",
        "@swc/helpers": "0.4.14",
        "caniuse-lite": "^1.0.30001406",
        "postcss": "8.4.14",
        "styled-jsx": "5.1.1"
      }
    },
    "picocolors": {
      "version": "1.0.0",
      "resolved": "https://repo.dev.wixpress.com/artifactory/api/npm/npm-repos/picocolors/-/picocolors-1.0.0.tgz",
      "integrity": "sha1-y1vcdP8/UYkiNur3nWi8RFZKuBw="
    },
    "postcss": {
      "version": "8.4.14",
      "resolved": "https://repo.dev.wixpress.com/artifactory/api/npm/npm-repos/postcss/-/postcss-8.4.14.tgz",
      "integrity": "sha1-7pJ01WIrSFjBAHp0125C5W/SHK8=",
      "requires": {
        "nanoid": "^3.3.4",
        "picocolors": "^1.0.0",
        "source-map-js": "^1.0.2"
      }
    },
    "react": {
      "version": "18.2.0",
      "resolved": "https://repo.dev.wixpress.com/artifactory/api/npm/npm-repos/react/-/react-18.2.0.tgz",
      "integrity": "sha1-VVvZhZKIMlX6AN4U8RUakXtdd9U=",
      "requires": {
        "loose-envify": "^1.1.0"
      }
    },
    "react-dom": {
      "version": "18.2.0",
      "resolved": "https://repo.dev.wixpress.com/artifactory/api/npm/npm-repos/react-dom/-/react-dom-18.2.0.tgz",
      "integrity": "sha1-IqrzhwjbJnTtmtoiTKSqcI2CHj0=",
      "requires": {
        "loose-envify": "^1.1.0",
        "scheduler": "^0.23.0"
      }
    },
    "scheduler": {
      "version": "0.23.0",
      "resolved": "https://repo.dev.wixpress.com/artifactory/api/npm/npm-repos/scheduler/-/scheduler-0.23.0.tgz",
      "integrity": "sha1-uoBBr8PTDrIGpIe2s4QALk5h/f4=",
      "requires": {
        "loose-envify": "^1.1.0"
      }
    },
    "source-map-js": {
      "version": "1.0.2",
      "resolved": "https://repo.dev.wixpress.com/artifactory/api/npm/npm-repos/source-map-js/-/source-map-js-1.0.2.tgz",
      "integrity": "sha1-rbw2HZxi3zgBJefxYfccgm8eSQw="
    },
    "styled-jsx": {
      "version": "5.1.1",
      "resolved": "https://repo.dev.wixpress.com/artifactory/api/npm/npm-repos/styled-jsx/-/styled-jsx-5.1.1.tgz",
      "integrity": "sha1-g5ocOqrMTnNf7QeBuGGepdAAnR8=",
      "requires": {
        "client-only": "0.0.1"
      }
    },
    "tslib": {
      "version": "2.4.1",
      "resolved": "https://repo.dev.wixpress.com/artifactory/api/npm/npm-repos/tslib/-/tslib-2.4.1.tgz",
      "integrity": "sha1-DQv7qsKIC5HiLfB2jlW+l1OlsX4="
    }
  }
}
